{
  "name": "github-repository-cleaner",
  "version": "1.0.0",
  "lockfileVersion": 3,
  "requires": true,
  "packages": {
    "": {
      "name": "github-repository-cleaner",
      "version": "1.0.0",
      "license": "ISC",
      "bin": {
        "clean-repository": "clean-repository.sh"
      }
    }
  }
}
